
Microsoft Visual Studio Solution File, Format Version 12.00
# Visual Studio Version 17
VisualStudioVersion = 17.1.32228.430
MinimumVisualStudioVersion = 10.0.40219.1
Project("{9A19103F-16F7-4668-BE54-9A1E7A4F7556}") = "WebAppMVC", "WebAppMVC\WebAppMVC.csproj", "{D6ECAECF-DC40-4DDB-93A8-5B0D67CB6169}"
EndProject
Project("{2150E333-8FDC-42A3-9474-1A3956D46DE8}") = "Tests", "Tests", "{88DC9999-A2B0-4FC9-82F1-9D3B1E4506C2}"
EndProject
Project("{9A19103F-16F7-4668-BE54-9A1E7A4F7556}") = "TestConsole", "Tests\TestConsole\TestConsole.csproj", "{FAC0DFBB-B8DF-4AE2-8D05-F5C6139A0633}"
EndProject
Project("{9A19103F-16F7-4668-BE54-9A1E7A4F7556}") = "TestWPF", "Tests\TestWPF\TestWPF.csproj", "{05BDFA6D-BF1B-434C-8821-4A39FC3E9053}"
EndProject
Project("{2150E333-8FDC-42A3-9474-1A3956D46DE8}") = "Data", "Data", "{170A3073-F422-4E16-A2F1-F0CECED1AB5C}"
EndProject
Project("{FAE04EC0-301F-11D3-BF4B-00C04F79EFBC}") = "Orders.DAL", "Data\Orders.DAL\Orders.DAL.csproj", "{F774B1AE-A09C-4BD1-A0FB-149F3D47E3A1}"
EndProject
Global
	GlobalSection(SolutionConfigurationPlatforms) = preSolution
		Debug|Any CPU = Debug|Any CPU
		Release|Any CPU = Release|Any CPU
	EndGlobalSection
	GlobalSection(ProjectConfigurationPlatforms) = postSolution
		{D6ECAECF-DC40-4DDB-93A8-5B0D67CB6169}.Debug|Any CPU.ActiveCfg = Debug|Any CPU
		{D6ECAECF-DC40-4DDB-93A8-5B0D67CB6169}.Debug|Any CPU.Build.0 = Debug|Any CPU
		{D6ECAECF-DC40-4DDB-93A8-5B0D67CB6169}.Release|Any CPU.ActiveCfg = Release|Any CPU
		{D6ECAECF-DC40-4DDB-93A8-5B0D67CB6169}.Release|Any CPU.Build.0 = Release|Any CPU
		{FAC0DFBB-B8DF-4AE2-8D05-F5C6139A0633}.Debug|Any CPU.ActiveCfg = Debug|Any CPU
		{FAC0DFBB-B8DF-4AE2-8D05-F5C6139A0633}.Debug|Any CPU.Build.0 = Debug|Any CPU
		{FAC0DFBB-B8DF-4AE2-8D05-F5C6139A0633}.Release|Any CPU.ActiveCfg = Release|Any CPU
		{FAC0DFBB-B8DF-4AE2-8D05-F5C6139A0633}.Release|Any CPU.Build.0 = Release|Any CPU
		{05BDFA6D-BF1B-434C-8821-4A39FC3E9053}.Debug|Any CPU.ActiveCfg = Debug|Any CPU
		{05BDFA6D-BF1B-434C-8821-4A39FC3E9053}.Debug|Any CPU.Build.0 = Debug|Any CPU
		{05BDFA6D-BF1B-434C-8821-4A39FC3E9053}.Release|Any CPU.ActiveCfg = Release|Any CPU
		{05BDFA6D-BF1B-434C-8821-4A39FC3E9053}.Release|Any CPU.Build.0 = Release|Any CPU
		{F774B1AE-A09C-4BD1-A0FB-149F3D47E3A1}.Debug|Any CPU.ActiveCfg = Debug|Any CPU
		{F774B1AE-A09C-4BD1-A0FB-149F3D47E3A1}.Debug|Any CPU.Build.0 = Debug|Any CPU
		{F774B1AE-A09C-4BD1-A0FB-149F3D47E3A1}.Release|Any CPU.ActiveCfg = Release|Any CPU
		{F774B1AE-A09C-4BD1-A0FB-149F3D47E3A1}.Release|Any CPU.Build.0 = Release|Any CPU
	EndGlobalSection
	GlobalSection(SolutionProperties) = preSolution
		HideSolutionNode = FALSE
	EndGlobalSection
	GlobalSection(NestedProjects) = preSolution
		{FAC0DFBB-B8DF-4AE2-8D05-F5C6139A0633} = {88DC9999-A2B0-4FC9-82F1-9D3B1E4506C2}
		{05BDFA6D-BF1B-434C-8821-4A39FC3E9053} = {88DC9999-A2B0-4FC9-82F1-9D3B1E4506C2}
		{F774B1AE-A09C-4BD1-A0FB-149F3D47E3A1} = {170A3073-F422-4E16-A2F1-F0CECED1AB5C}
	EndGlobalSection
	GlobalSection(ExtensibilityGlobals) = postSolution
		SolutionGuid = {4B67E9D3-66FE-4AB3-AA96-A40969B74756}
	EndGlobalSection
EndGlobal
